
Microsoft Visual Studio Solution File, Format Version 12.00
# Visual Studio Version 16
VisualStudioVersion = 16.0.30523.141
MinimumVisualStudioVersion = 10.0.40219.1
Project("{E24C65DC-7377-472B-9ABA-BC803B73C61A}") = "bycloud-consultoria", "..\..\..\..\..\Projetos\bycloud-consultoria\", "{4FD6A75C-0C9D-4D5E-9142-F6476ADA4C97}"
	ProjectSection(WebsiteProperties) = preProject
		TargetFrameworkMoniker = ".NETFramework,Version%3Dv4.0"
		Debug.AspNetCompiler.VirtualPath = "/localhost_59098"
		Debug.AspNetCompiler.PhysicalPath = "..\..\..\..\..\Projetos\bycloud-consultoria\"
		Debug.AspNetCompiler.TargetPath = "PrecompiledWeb\localhost_59098\"
		Debug.AspNetCompiler.Updateable = "true"
		Debug.AspNetCompiler.ForceOverwrite = "true"
		Debug.AspNetCompiler.FixedNames = "false"
		Debug.AspNetCompiler.Debug = "True"
		Release.AspNetCompiler.VirtualPath = "/localhost_59098"
		Release.AspNetCompiler.PhysicalPath = "..\..\..\..\..\Projetos\bycloud-consultoria\"
		Release.AspNetCompiler.TargetPath = "PrecompiledWeb\localhost_59098\"
		Release.AspNetCompiler.Updateable = "true"
		Release.AspNetCompiler.ForceOverwrite = "true"
		Release.AspNetCompiler.FixedNames = "false"
		Release.AspNetCompiler.Debug = "False"
		VWDPort = "59098"
		SlnRelativePath = "..\..\..\..\..\Projetos\bycloud-consultoria\"
	EndProjectSection
EndProject
Global
	GlobalSection(SolutionConfigurationPlatforms) = preSolution
		Debug|Any CPU = Debug|Any CPU
	EndGlobalSection
	GlobalSection(ProjectConfigurationPlatforms) = postSolution
		{4FD6A75C-0C9D-4D5E-9142-F6476ADA4C97}.Debug|Any CPU.ActiveCfg = Debug|Any CPU
		{4FD6A75C-0C9D-4D5E-9142-F6476ADA4C97}.Debug|Any CPU.Build.0 = Debug|Any CPU
	EndGlobalSection
	GlobalSection(SolutionProperties) = preSolution
		HideSolutionNode = FALSE
	EndGlobalSection
	GlobalSection(ExtensibilityGlobals) = postSolution
		SolutionGuid = {6F144A35-91A5-4FBD-BC51-6D77A5B8D605}
	EndGlobalSection
EndGlobal
